
Microsoft Visual Studio Solution File, Format Version 12.00
# Visual Studio Version 17
VisualStudioVersion = 17.11.35431.28
MinimumVisualStudioVersion = 10.0.40219.1
Project("{FAE04EC0-301F-11D3-BF4B-00C04F79EFBC}") = "IB3Api.Api", "IB3Api\IB3Api.Api.csproj", "{82B6758D-3C54-49F7-8A63-3318EE781A9F}"
EndProject
Project("{FAE04EC0-301F-11D3-BF4B-00C04F79EFBC}") = "IB3Api.Core", "IB3Api.Core\IB3Api.Core.csproj", "{DFF4F948-9487-45AF-9516-71E51725F797}"
EndProject
Project("{FAE04EC0-301F-11D3-BF4B-00C04F79EFBC}") = "IB3Api.Services", "IB3Api.Services\IB3Api.Services.csproj", "{51FDEAE4-C0C3-4C77-8364-2F07D7F0454A}"
EndProject
Project("{FAE04EC0-301F-11D3-BF4B-00C04F79EFBC}") = "IB3Api.Infrastructure", "IB3Api.Infrastructure\IB3Api.Infrastructure.csproj", "{90BFE157-4F37-4884-B77B-34ADC66D0962}"
EndProject
Project("{FAE04EC0-301F-11D3-BF4B-00C04F79EFBC}") = "IB3Api.App", "IB3Api.App\IB3Api.App.csproj", "{F917472D-2563-4011-8B2F-1C3EB7413F41}"
EndProject
Global
	GlobalSection(SolutionConfigurationPlatforms) = preSolution
		Debug|Any CPU = Debug|Any CPU
		Release|Any CPU = Release|Any CPU
	EndGlobalSection
	GlobalSection(ProjectConfigurationPlatforms) = postSolution
		{82B6758D-3C54-49F7-8A63-3318EE781A9F}.Debug|Any CPU.ActiveCfg = Debug|Any CPU
		{82B6758D-3C54-49F7-8A63-3318EE781A9F}.Debug|Any CPU.Build.0 = Debug|Any CPU
		{82B6758D-3C54-49F7-8A63-3318EE781A9F}.Release|Any CPU.ActiveCfg = Release|Any CPU
		{82B6758D-3C54-49F7-8A63-3318EE781A9F}.Release|Any CPU.Build.0 = Release|Any CPU
		{DFF4F948-9487-45AF-9516-71E51725F797}.Debug|Any CPU.ActiveCfg = Debug|Any CPU
		{DFF4F948-9487-45AF-9516-71E51725F797}.Debug|Any CPU.Build.0 = Debug|Any CPU
		{DFF4F948-9487-45AF-9516-71E51725F797}.Release|Any CPU.ActiveCfg = Release|Any CPU
		{DFF4F948-9487-45AF-9516-71E51725F797}.Release|Any CPU.Build.0 = Release|Any CPU
		{51FDEAE4-C0C3-4C77-8364-2F07D7F0454A}.Debug|Any CPU.ActiveCfg = Debug|Any CPU
		{51FDEAE4-C0C3-4C77-8364-2F07D7F0454A}.Debug|Any CPU.Build.0 = Debug|Any CPU
		{51FDEAE4-C0C3-4C77-8364-2F07D7F0454A}.Release|Any CPU.ActiveCfg = Release|Any CPU
		{51FDEAE4-C0C3-4C77-8364-2F07D7F0454A}.Release|Any CPU.Build.0 = Release|Any CPU
		{90BFE157-4F37-4884-B77B-34ADC66D0962}.Debug|Any CPU.ActiveCfg = Debug|Any CPU
		{90BFE157-4F37-4884-B77B-34ADC66D0962}.Debug|Any CPU.Build.0 = Debug|Any CPU
		{90BFE157-4F37-4884-B77B-34ADC66D0962}.Release|Any CPU.ActiveCfg = Release|Any CPU
		{90BFE157-4F37-4884-B77B-34ADC66D0962}.Release|Any CPU.Build.0 = Release|Any CPU
		{F917472D-2563-4011-8B2F-1C3EB7413F41}.Debug|Any CPU.ActiveCfg = Debug|Any CPU
		{F917472D-2563-4011-8B2F-1C3EB7413F41}.Debug|Any CPU.Build.0 = Debug|Any CPU
		{F917472D-2563-4011-8B2F-1C3EB7413F41}.Release|Any CPU.ActiveCfg = Release|Any CPU
		{F917472D-2563-4011-8B2F-1C3EB7413F41}.Release|Any CPU.Build.0 = Release|Any CPU
	EndGlobalSection
	GlobalSection(SolutionProperties) = preSolution
		HideSolutionNode = FALSE
	EndGlobalSection
	GlobalSection(ExtensibilityGlobals) = postSolution
		SolutionGuid = {9F34A7D7-202B-4BD5-928C-F8F85399DFF2}
	EndGlobalSection
EndGlobal
